
Microsoft Visual Studio Solution File, Format Version 12.00
# Visual Studio 14
VisualStudioVersion = 14.0.24720.0
MinimumVisualStudioVersion = 10.0.40219.1
Project("{FAE04EC0-301F-11D3-BF4B-00C04F79EFBC}") = "Sender", "Sender\Sender.csproj", "{B0E218E4-98FB-4B47-8BEF-9D9DA8F3FCB2}"
EndProject
Project("{FAE04EC0-301F-11D3-BF4B-00C04F79EFBC}") = "Messages", "Messages\Messages.csproj", "{2E6D4B20-CCB8-49A3-BCC9-4B613C746FEB}"
EndProject
Project("{FAE04EC0-301F-11D3-BF4B-00C04F79EFBC}") = "Receiver", "Receiver\Receiver.csproj", "{37F51329-CBCE-4D04-8920-59097A0407F1}"
EndProject
Project("{FAE04EC0-301F-11D3-BF4B-00C04F79EFBC}") = "Publisher", "Publisher\Publisher.csproj", "{DFE2DFDB-AA2D-444D-8545-7AE0EED3A5BB}"
EndProject
Project("{FAE04EC0-301F-11D3-BF4B-00C04F79EFBC}") = "Subscriber1", "Subscriber\Subscriber1.csproj", "{83F4FA1C-DF40-46E0-8B5D-17000092775D}"
EndProject
Project("{FAE04EC0-301F-11D3-BF4B-00C04F79EFBC}") = "Subscriber2", "Subscriber2\Subscriber2.csproj", "{DFF257F0-870B-4167-B525-5ADF31F9FC01}"
EndProject
Project("{FAE04EC0-301F-11D3-BF4B-00C04F79EFBC}") = "MiniBuss", "MiniBuss\MiniBuss.csproj", "{6A88C01A-7C34-44A6-BB3F-11442F9FC1F3}"
EndProject
Project("{FAE04EC0-301F-11D3-BF4B-00C04F79EFBC}") = "SocketBus", "SocketBus\SocketBus.csproj", "{2CA2D2F7-5D12-4856-905E-3524503DB045}"
EndProject
Project("{FAE04EC0-301F-11D3-BF4B-00C04F79EFBC}") = "SocketBusClient", "SocketBusClient\SocketBusClient.csproj", "{9DE6BD76-EBCE-4545-A36D-E20EC3B2828D}"
EndProject
Project("{FAE04EC0-301F-11D3-BF4B-00C04F79EFBC}") = "SocketBusServer", "SocketBusServer\SocketBusServer.csproj", "{2E45944E-864D-4E73-AAD7-1C1FE5087E95}"
EndProject
Project("{2150E333-8FDC-42A3-9474-1A3956D46DE8}") = "Docs", "Docs", "{68CD3B56-DB74-41CB-864C-0AC9A09D81AF}"
	ProjectSection(SolutionItems) = preProject
		README.md = README.md
	EndProjectSection
EndProject
Global
	GlobalSection(SolutionConfigurationPlatforms) = preSolution
		Debug|Any CPU = Debug|Any CPU
		Debug|Mixed Platforms = Debug|Mixed Platforms
		Debug|x86 = Debug|x86
		Release|Any CPU = Release|Any CPU
		Release|Mixed Platforms = Release|Mixed Platforms
		Release|x86 = Release|x86
	EndGlobalSection
	GlobalSection(ProjectConfigurationPlatforms) = postSolution
		{B0E218E4-98FB-4B47-8BEF-9D9DA8F3FCB2}.Debug|Any CPU.ActiveCfg = Debug|x86
		{B0E218E4-98FB-4B47-8BEF-9D9DA8F3FCB2}.Debug|Mixed Platforms.ActiveCfg = Debug|x86
		{B0E218E4-98FB-4B47-8BEF-9D9DA8F3FCB2}.Debug|Mixed Platforms.Build.0 = Debug|x86
		{B0E218E4-98FB-4B47-8BEF-9D9DA8F3FCB2}.Debug|x86.ActiveCfg = Debug|x86
		{B0E218E4-98FB-4B47-8BEF-9D9DA8F3FCB2}.Debug|x86.Build.0 = Debug|x86
		{B0E218E4-98FB-4B47-8BEF-9D9DA8F3FCB2}.Release|Any CPU.ActiveCfg = Release|x86
		{B0E218E4-98FB-4B47-8BEF-9D9DA8F3FCB2}.Release|Mixed Platforms.ActiveCfg = Release|x86
		{B0E218E4-98FB-4B47-8BEF-9D9DA8F3FCB2}.Release|Mixed Platforms.Build.0 = Release|x86
		{B0E218E4-98FB-4B47-8BEF-9D9DA8F3FCB2}.Release|x86.ActiveCfg = Release|x86
		{B0E218E4-98FB-4B47-8BEF-9D9DA8F3FCB2}.Release|x86.Build.0 = Release|x86
		{2E6D4B20-CCB8-49A3-BCC9-4B613C746FEB}.Debug|Any CPU.ActiveCfg = Debug|Any CPU
		{2E6D4B20-CCB8-49A3-BCC9-4B613C746FEB}.Debug|Any CPU.Build.0 = Debug|Any CPU
		{2E6D4B20-CCB8-49A3-BCC9-4B613C746FEB}.Debug|Mixed Platforms.ActiveCfg = Debug|Any CPU
		{2E6D4B20-CCB8-49A3-BCC9-4B613C746FEB}.Debug|Mixed Platforms.Build.0 = Debug|Any CPU
		{2E6D4B20-CCB8-49A3-BCC9-4B613C746FEB}.Debug|x86.ActiveCfg = Debug|Any CPU
		{2E6D4B20-CCB8-49A3-BCC9-4B613C746FEB}.Release|Any CPU.ActiveCfg = Release|Any CPU
		{2E6D4B20-CCB8-49A3-BCC9-4B613C746FEB}.Release|Any CPU.Build.0 = Release|Any CPU
		{2E6D4B20-CCB8-49A3-BCC9-4B613C746FEB}.Release|Mixed Platforms.ActiveCfg = Release|Any CPU
		{2E6D4B20-CCB8-49A3-BCC9-4B613C746FEB}.Release|Mixed Platforms.Build.0 = Release|Any CPU
		{2E6D4B20-CCB8-49A3-BCC9-4B613C746FEB}.Release|x86.ActiveCfg = Release|Any CPU
		{37F51329-CBCE-4D04-8920-59097A0407F1}.Debug|Any CPU.ActiveCfg = Debug|x86
		{37F51329-CBCE-4D04-8920-59097A0407F1}.Debug|Mixed Platforms.ActiveCfg = Debug|x86
		{37F51329-CBCE-4D04-8920-59097A0407F1}.Debug|Mixed Platforms.Build.0 = Debug|x86
		{37F51329-CBCE-4D04-8920-59097A0407F1}.Debug|x86.ActiveCfg = Debug|x86
		{37F51329-CBCE-4D04-8920-59097A0407F1}.Debug|x86.Build.0 = Debug|x86
		{37F51329-CBCE-4D04-8920-59097A0407F1}.Release|Any CPU.ActiveCfg = Release|x86
		{37F51329-CBCE-4D04-8920-59097A0407F1}.Release|Mixed Platforms.ActiveCfg = Release|x86
		{37F51329-CBCE-4D04-8920-59097A0407F1}.Release|Mixed Platforms.Build.0 = Release|x86
		{37F51329-CBCE-4D04-8920-59097A0407F1}.Release|x86.ActiveCfg = Release|x86
		{37F51329-CBCE-4D04-8920-59097A0407F1}.Release|x86.Build.0 = Release|x86
		{DFE2DFDB-AA2D-444D-8545-7AE0EED3A5BB}.Debug|Any CPU.ActiveCfg = Debug|x86
		{DFE2DFDB-AA2D-444D-8545-7AE0EED3A5BB}.Debug|Mixed Platforms.ActiveCfg = Debug|x86
		{DFE2DFDB-AA2D-444D-8545-7AE0EED3A5BB}.Debug|Mixed Platforms.Build.0 = Debug|x86
		{DFE2DFDB-AA2D-444D-8545-7AE0EED3A5BB}.Debug|x86.ActiveCfg = Debug|x86
		{DFE2DFDB-AA2D-444D-8545-7AE0EED3A5BB}.Debug|x86.Build.0 = Debug|x86
		{DFE2DFDB-AA2D-444D-8545-7AE0EED3A5BB}.Release|Any CPU.ActiveCfg = Release|x86
		{DFE2DFDB-AA2D-444D-8545-7AE0EED3A5BB}.Release|Mixed Platforms.ActiveCfg = Release|x86
		{DFE2DFDB-AA2D-444D-8545-7AE0EED3A5BB}.Release|Mixed Platforms.Build.0 = Release|x86
		{DFE2DFDB-AA2D-444D-8545-7AE0EED3A5BB}.Release|x86.ActiveCfg = Release|x86
		{DFE2DFDB-AA2D-444D-8545-7AE0EED3A5BB}.Release|x86.Build.0 = Release|x86
		{83F4FA1C-DF40-46E0-8B5D-17000092775D}.Debug|Any CPU.ActiveCfg = Debug|x86
		{83F4FA1C-DF40-46E0-8B5D-17000092775D}.Debug|Mixed Platforms.ActiveCfg = Debug|x86
		{83F4FA1C-DF40-46E0-8B5D-17000092775D}.Debug|Mixed Platforms.Build.0 = Debug|x86
		{83F4FA1C-DF40-46E0-8B5D-17000092775D}.Debug|x86.ActiveCfg = Debug|x86
		{83F4FA1C-DF40-46E0-8B5D-17000092775D}.Debug|x86.Build.0 = Debug|x86
		{83F4FA1C-DF40-46E0-8B5D-17000092775D}.Release|Any CPU.ActiveCfg = Release|x86
		{83F4FA1C-DF40-46E0-8B5D-17000092775D}.Release|Mixed Platforms.ActiveCfg = Release|x86
		{83F4FA1C-DF40-46E0-8B5D-17000092775D}.Release|Mixed Platforms.Build.0 = Release|x86
		{83F4FA1C-DF40-46E0-8B5D-17000092775D}.Release|x86.ActiveCfg = Release|x86
		{83F4FA1C-DF40-46E0-8B5D-17000092775D}.Release|x86.Build.0 = Release|x86
		{DFF257F0-870B-4167-B525-5ADF31F9FC01}.Debug|Any CPU.ActiveCfg = Debug|x86
		{DFF257F0-870B-4167-B525-5ADF31F9FC01}.Debug|Mixed Platforms.ActiveCfg = Debug|x86
		{DFF257F0-870B-4167-B525-5ADF31F9FC01}.Debug|Mixed Platforms.Build.0 = Debug|x86
		{DFF257F0-870B-4167-B525-5ADF31F9FC01}.Debug|x86.ActiveCfg = Debug|x86
		{DFF257F0-870B-4167-B525-5ADF31F9FC01}.Debug|x86.Build.0 = Debug|x86
		{DFF257F0-870B-4167-B525-5ADF31F9FC01}.Release|Any CPU.ActiveCfg = Release|x86
		{DFF257F0-870B-4167-B525-5ADF31F9FC01}.Release|Mixed Platforms.ActiveCfg = Release|x86
		{DFF257F0-870B-4167-B525-5ADF31F9FC01}.Release|Mixed Platforms.Build.0 = Release|x86
		{DFF257F0-870B-4167-B525-5ADF31F9FC01}.Release|x86.ActiveCfg = Release|x86
		{DFF257F0-870B-4167-B525-5ADF31F9FC01}.Release|x86.Build.0 = Release|x86
		{6A88C01A-7C34-44A6-BB3F-11442F9FC1F3}.Debug|Any CPU.ActiveCfg = Debug|Any CPU
		{6A88C01A-7C34-44A6-BB3F-11442F9FC1F3}.Debug|Any CPU.Build.0 = Debug|Any CPU
		{6A88C01A-7C34-44A6-BB3F-11442F9FC1F3}.Debug|Mixed Platforms.ActiveCfg = Debug|Any CPU
		{6A88C01A-7C34-44A6-BB3F-11442F9FC1F3}.Debug|Mixed Platforms.Build.0 = Debug|Any CPU
		{6A88C01A-7C34-44A6-BB3F-11442F9FC1F3}.Debug|x86.ActiveCfg = Debug|Any CPU
		{6A88C01A-7C34-44A6-BB3F-11442F9FC1F3}.Release|Any CPU.ActiveCfg = Release|Any CPU
		{6A88C01A-7C34-44A6-BB3F-11442F9FC1F3}.Release|Any CPU.Build.0 = Release|Any CPU
		{6A88C01A-7C34-44A6-BB3F-11442F9FC1F3}.Release|Mixed Platforms.ActiveCfg = Release|Any CPU
		{6A88C01A-7C34-44A6-BB3F-11442F9FC1F3}.Release|Mixed Platforms.Build.0 = Release|Any CPU
		{6A88C01A-7C34-44A6-BB3F-11442F9FC1F3}.Release|x86.ActiveCfg = Release|Any CPU
		{2CA2D2F7-5D12-4856-905E-3524503DB045}.Debug|Any CPU.ActiveCfg = Debug|Any CPU
		{2CA2D2F7-5D12-4856-905E-3524503DB045}.Debug|Any CPU.Build.0 = Debug|Any CPU
		{2CA2D2F7-5D12-4856-905E-3524503DB045}.Debug|Mixed Platforms.ActiveCfg = Debug|Any CPU
		{2CA2D2F7-5D12-4856-905E-3524503DB045}.Debug|Mixed Platforms.Build.0 = Debug|Any CPU
		{2CA2D2F7-5D12-4856-905E-3524503DB045}.Debug|x86.ActiveCfg = Debug|Any CPU
		{2CA2D2F7-5D12-4856-905E-3524503DB045}.Debug|x86.Build.0 = Debug|Any CPU
		{2CA2D2F7-5D12-4856-905E-3524503DB045}.Release|Any CPU.ActiveCfg = Release|Any CPU
		{2CA2D2F7-5D12-4856-905E-3524503DB045}.Release|Any CPU.Build.0 = Release|Any CPU
		{2CA2D2F7-5D12-4856-905E-3524503DB045}.Release|Mixed Platforms.ActiveCfg = Release|Any CPU
		{2CA2D2F7-5D12-4856-905E-3524503DB045}.Release|Mixed Platforms.Build.0 = Release|Any CPU
		{2CA2D2F7-5D12-4856-905E-3524503DB045}.Release|x86.ActiveCfg = Release|Any CPU
		{2CA2D2F7-5D12-4856-905E-3524503DB045}.Release|x86.Build.0 = Release|Any CPU
		{9DE6BD76-EBCE-4545-A36D-E20EC3B2828D}.Debug|Any CPU.ActiveCfg = Debug|Any CPU
		{9DE6BD76-EBCE-4545-A36D-E20EC3B2828D}.Debug|Any CPU.Build.0 = Debug|Any CPU
		{9DE6BD76-EBCE-4545-A36D-E20EC3B2828D}.Debug|Mixed Platforms.ActiveCfg = Debug|Any CPU
		{9DE6BD76-EBCE-4545-A36D-E20EC3B2828D}.Debug|Mixed Platforms.Build.0 = Debug|Any CPU
		{9DE6BD76-EBCE-4545-A36D-E20EC3B2828D}.Debug|x86.ActiveCfg = Debug|Any CPU
		{9DE6BD76-EBCE-4545-A36D-E20EC3B2828D}.Debug|x86.Build.0 = Debug|Any CPU
		{9DE6BD76-EBCE-4545-A36D-E20EC3B2828D}.Release|Any CPU.ActiveCfg = Release|Any CPU
		{9DE6BD76-EBCE-4545-A36D-E20EC3B2828D}.Release|Any CPU.Build.0 = Release|Any CPU
		{9DE6BD76-EBCE-4545-A36D-E20EC3B2828D}.Release|Mixed Platforms.ActiveCfg = Release|Any CPU
		{9DE6BD76-EBCE-4545-A36D-E20EC3B2828D}.Release|Mixed Platforms.Build.0 = Release|Any CPU
		{9DE6BD76-EBCE-4545-A36D-E20EC3B2828D}.Release|x86.ActiveCfg = Release|Any CPU
		{9DE6BD76-EBCE-4545-A36D-E20EC3B2828D}.Release|x86.Build.0 = Release|Any CPU
		{2E45944E-864D-4E73-AAD7-1C1FE5087E95}.Debug|Any CPU.ActiveCfg = Debug|Any CPU
		{2E45944E-864D-4E73-AAD7-1C1FE5087E95}.Debug|Any CPU.Build.0 = Debug|Any CPU
		{2E45944E-864D-4E73-AAD7-1C1FE5087E95}.Debug|Mixed Platforms.ActiveCfg = Debug|Any CPU
		{2E45944E-864D-4E73-AAD7-1C1FE5087E95}.Debug|Mixed Platforms.Build.0 = Debug|Any CPU
		{2E45944E-864D-4E73-AAD7-1C1FE5087E95}.Debug|x86.ActiveCfg = Debug|Any CPU
		{2E45944E-864D-4E73-AAD7-1C1FE5087E95}.Debug|x86.Build.0 = Debug|Any CPU
		{2E45944E-864D-4E73-AAD7-1C1FE5087E95}.Release|Any CPU.ActiveCfg = Release|Any CPU
		{2E45944E-864D-4E73-AAD7-1C1FE5087E95}.Release|Any CPU.Build.0 = Release|Any CPU
		{2E45944E-864D-4E73-AAD7-1C1FE5087E95}.Release|Mixed Platforms.ActiveCfg = Release|Any CPU
		{2E45944E-864D-4E73-AAD7-1C1FE5087E95}.Release|Mixed Platforms.Build.0 = Release|Any CPU
		{2E45944E-864D-4E73-AAD7-1C1FE5087E95}.Release|x86.ActiveCfg = Release|Any CPU
		{2E45944E-864D-4E73-AAD7-1C1FE5087E95}.Release|x86.Build.0 = Release|Any CPU
	EndGlobalSection
	GlobalSection(SolutionProperties) = preSolution
		HideSolutionNode = FALSE
	EndGlobalSection
EndGlobal
